
Microsoft Visual Studio Solution File, Format Version 12.00
# Visual Studio Version 17
VisualStudioVersion = 17.5.002.0
MinimumVisualStudioVersion = 10.0.40219.1
Project("{9A19103F-16F7-4668-BE54-9A1E7A4F7556}") = "HelloWorld", "HelloWorld.csproj", "{613208B1-C74F-4B83-A809-E98CA164C929}"
EndProject
Global
	GlobalSection(SolutionConfigurationPlatforms) = preSolution
		Debug|Any CPU = Debug|Any CPU
		Release|Any CPU = Release|Any CPU
	EndGlobalSection
	GlobalSection(ProjectConfigurationPlatforms) = postSolution
		{613208B1-C74F-4B83-A809-E98CA164C929}.Debug|Any CPU.ActiveCfg = Debug|Any CPU
		{613208B1-C74F-4B83-A809-E98CA164C929}.Debug|Any CPU.Build.0 = Debug|Any CPU
		{613208B1-C74F-4B83-A809-E98CA164C929}.Release|Any CPU.ActiveCfg = Release|Any CPU
		{613208B1-C74F-4B83-A809-E98CA164C929}.Release|Any CPU.Build.0 = Release|Any CPU
	EndGlobalSection
	GlobalSection(SolutionProperties) = preSolution
		HideSolutionNode = FALSE
	EndGlobalSection
	GlobalSection(ExtensibilityGlobals) = postSolution
		SolutionGuid = {21A99AD0-4D12-4D82-9CF2-711622A2D2EC}
	EndGlobalSection
EndGlobal
