
Microsoft Visual Studio Solution File, Format Version 12.00
# Visual Studio Version 17
VisualStudioVersion = 17.5.002.0
MinimumVisualStudioVersion = 10.0.40219.1
Project("{9A19103F-16F7-4668-BE54-9A1E7A4F7556}") = "HelloWorld", "HelloWorld.csproj", "{D0B60D02-9899-4C64-893F-DD91AD31527B}"
EndProject
Global
	GlobalSection(SolutionConfigurationPlatforms) = preSolution
		Debug|Any CPU = Debug|Any CPU
		Release|Any CPU = Release|Any CPU
	EndGlobalSection
	GlobalSection(ProjectConfigurationPlatforms) = postSolution
		{D0B60D02-9899-4C64-893F-DD91AD31527B}.Debug|Any CPU.ActiveCfg = Debug|Any CPU
		{D0B60D02-9899-4C64-893F-DD91AD31527B}.Debug|Any CPU.Build.0 = Debug|Any CPU
		{D0B60D02-9899-4C64-893F-DD91AD31527B}.Release|Any CPU.ActiveCfg = Release|Any CPU
		{D0B60D02-9899-4C64-893F-DD91AD31527B}.Release|Any CPU.Build.0 = Release|Any CPU
	EndGlobalSection
	GlobalSection(SolutionProperties) = preSolution
		HideSolutionNode = FALSE
	EndGlobalSection
	GlobalSection(ExtensibilityGlobals) = postSolution
		SolutionGuid = {94A57390-ED7A-4512-8052-5E778A6C8D3A}
	EndGlobalSection
EndGlobal
